
Microsoft Visual Studio Solution File, Format Version 12.00
# Visual Studio 15
VisualStudioVersion = 15.0.28307.1340
MinimumVisualStudioVersion = 10.0.40219.1
Project("{FAE04EC0-301F-11D3-BF4B-00C04F79EFBC}") = "SmartCBS_API", "SmartCBS_API\SmartCBS_API.csproj", "{1F9867B6-7DC3-4153-9190-F9CC001BF592}"
EndProject
Project("{FAE04EC0-301F-11D3-BF4B-00C04F79EFBC}") = "SmartCBSDataAccess", "SmartCBSDataAccess\SmartCBSDataAccess.csproj", "{16A9C0EE-A9E0-45C3-9BCA-A655F91FA8D2}"
EndProject
Global
	GlobalSection(SolutionConfigurationPlatforms) = preSolution
		Debug|Any CPU = Debug|Any CPU
		Release|Any CPU = Release|Any CPU
	EndGlobalSection
	GlobalSection(ProjectConfigurationPlatforms) = postSolution
		{1F9867B6-7DC3-4153-9190-F9CC001BF592}.Debug|Any CPU.ActiveCfg = Debug|Any CPU
		{1F9867B6-7DC3-4153-9190-F9CC001BF592}.Debug|Any CPU.Build.0 = Debug|Any CPU
		{1F9867B6-7DC3-4153-9190-F9CC001BF592}.Release|Any CPU.ActiveCfg = Release|Any CPU
		{1F9867B6-7DC3-4153-9190-F9CC001BF592}.Release|Any CPU.Build.0 = Release|Any CPU
		{16A9C0EE-A9E0-45C3-9BCA-A655F91FA8D2}.Debug|Any CPU.ActiveCfg = Debug|Any CPU
		{16A9C0EE-A9E0-45C3-9BCA-A655F91FA8D2}.Debug|Any CPU.Build.0 = Debug|Any CPU
		{16A9C0EE-A9E0-45C3-9BCA-A655F91FA8D2}.Release|Any CPU.ActiveCfg = Release|Any CPU
		{16A9C0EE-A9E0-45C3-9BCA-A655F91FA8D2}.Release|Any CPU.Build.0 = Release|Any CPU
	EndGlobalSection
	GlobalSection(SolutionProperties) = preSolution
		HideSolutionNode = FALSE
	EndGlobalSection
	GlobalSection(ExtensibilityGlobals) = postSolution
		SolutionGuid = {8F7B6B12-C4F4-4A5B-8372-A8039DD676EB}
	EndGlobalSection
EndGlobal
